
Microsoft Visual Studio Solution File, Format Version 12.00
# Visual Studio Version 16
VisualStudioVersion = 16.0.32630.194
MinimumVisualStudioVersion = 10.0.40219.1
Project("{FAE04EC0-301F-11D3-BF4B-00C04F79EFBC}") = "WebApplication4", "WebApplication4\WebApplication4.csproj", "{B1DFD4D8-54F4-4555-B814-11DA0FF3C59E}"
EndProject
Global
	GlobalSection(SolutionConfigurationPlatforms) = preSolution
		Debug|Any CPU = Debug|Any CPU
		Release|Any CPU = Release|Any CPU
	EndGlobalSection
	GlobalSection(ProjectConfigurationPlatforms) = postSolution
		{B1DFD4D8-54F4-4555-B814-11DA0FF3C59E}.Debug|Any CPU.ActiveCfg = Debug|Any CPU
		{B1DFD4D8-54F4-4555-B814-11DA0FF3C59E}.Debug|Any CPU.Build.0 = Debug|Any CPU
		{B1DFD4D8-54F4-4555-B814-11DA0FF3C59E}.Release|Any CPU.ActiveCfg = Release|Any CPU
		{B1DFD4D8-54F4-4555-B814-11DA0FF3C59E}.Release|Any CPU.Build.0 = Release|Any CPU
	EndGlobalSection
	GlobalSection(SolutionProperties) = preSolution
		HideSolutionNode = FALSE
	EndGlobalSection
	GlobalSection(ExtensibilityGlobals) = postSolution
		SolutionGuid = {A939006C-CDD0-4F6C-BFCC-4B6B74AD0C81}
	EndGlobalSection
EndGlobal
